
Microsoft Visual Studio Solution File, Format Version 12.00
# Visual Studio Version 16
VisualStudioVersion = 25.0.1703.1
MinimumVisualStudioVersion = 10.0.40219.1
Project("{FAE04EC0-301F-11D3-BF4B-00C04F79EFBC}") = "Laboratorio01", "Laboratorio01.csproj", "{0A41E830-5B87-4F12-A04A-19A05D47D895}"
EndProject
Global
	GlobalSection(SolutionConfigurationPlatforms) = preSolution
		Debug|Any CPU = Debug|Any CPU
		Release|Any CPU = Release|Any CPU
	EndGlobalSection
	GlobalSection(ProjectConfigurationPlatforms) = postSolution
		{0A41E830-5B87-4F12-A04A-19A05D47D895}.Debug|Any CPU.ActiveCfg = Debug|Any CPU
		{0A41E830-5B87-4F12-A04A-19A05D47D895}.Debug|Any CPU.Build.0 = Debug|Any CPU
		{0A41E830-5B87-4F12-A04A-19A05D47D895}.Release|Any CPU.ActiveCfg = Release|Any CPU
		{0A41E830-5B87-4F12-A04A-19A05D47D895}.Release|Any CPU.Build.0 = Release|Any CPU
	EndGlobalSection
	GlobalSection(SolutionProperties) = preSolution
		HideSolutionNode = FALSE
	EndGlobalSection
	GlobalSection(ExtensibilityGlobals) = postSolution
		SolutionGuid = {37068DAB-87E0-44FC-8CF2-DA4FAFA10C39}
	EndGlobalSection
EndGlobal
